// !$*UTF8*$!
{
	archiveVersion = 1;
	classes = {
	};
	objectVersion = 51;
	objects = {

/* Begin PBXBuildFile section */
		00E356F31AD99517003FC87E /* ImageTests.m in Sources */ = {isa = PBXBuildFile; fileRef = 00E356F21AD99517003FC87E /* ImageTests.m */; };
		13B07FBC1A68108700A75B9A /* AppDelegate.m in Sources */ = {isa = PBXBuildFile; fileRef = 13B07FB01A68108700A75B9A /* AppDelegate.m */; };
		13B07FBD1A68108700A75B9A /* LaunchScreen.xib in Resources */ = {isa = PBXBuildFile; fileRef = 13B07FB11A68108700A75B9A /* LaunchScreen.xib */; };
		13B07FBF1A68108700A75B9A /* Images.xcassets in Resources */ = {isa = PBXBuildFile; fileRef = 13B07FB51A68108700A75B9A /* Images.xcassets */; };
		13B07FC11A68108700A75B9A /* main.m in Sources */ = {isa = PBXBuildFile; fileRef = 13B07FB71A68108700A75B9A /* main.m */; };
		2D02E4BC1E0B4A80006451C7 /* AppDelegate.m in Sources */ = {isa = PBXBuildFile; fileRef = 13B07FB01A68108700A75B9A /* AppDelegate.m */; };
		2D02E4BD1E0B4A84006451C7 /* Images.xcassets in Resources */ = {isa = PBXBuildFile; fileRef = 13B07FB51A68108700A75B9A /* Images.xcassets */; };
		2D02E4BF1E0B4AB3006451C7 /* main.m in Sources */ = {isa = PBXBuildFile; fileRef = 13B07FB71A68108700A75B9A /* main.m */; };
		2DCD954D1E0B4F2C00145EB5 /* ImageTests.m in Sources */ = {isa = PBXBuildFile; fileRef = 00E356F21AD99517003FC87E /* ImageTests.m */; };
		4AD3F1D423FD6CDE00138823 /* sensors-19-04528.pdf in Resources */ = {isa = PBXBuildFile; fileRef = 4AD3F1BC23FD6CDE00138823 /* sensors-19-04528.pdf */; };
		4AD3F1D523FD6CDE00138823 /* sensors-19-04528.pdf in Resources */ = {isa = PBXBuildFile; fileRef = 4AD3F1BC23FD6CDE00138823 /* sensors-19-04528.pdf */; };
		4AD3F1D623FD6CDE00138823 /* sensors-19-04528 (1).pdf in Resources */ = {isa = PBXBuildFile; fileRef = 4AD3F1BD23FD6CDE00138823 /* sensors-19-04528 (1).pdf */; };
		4AD3F1D723FD6CDE00138823 /* sensors-19-04528 (1).pdf in Resources */ = {isa = PBXBuildFile; fileRef = 4AD3F1BD23FD6CDE00138823 /* sensors-19-04528 (1).pdf */; };
		4AD3F1D823FD6CDE00138823 /* .localized in Resources */ = {isa = PBXBuildFile; fileRef = 4AD3F1BE23FD6CDE00138823 /* .localized */; };
		4AD3F1D923FD6CDE00138823 /* .localized in Resources */ = {isa = PBXBuildFile; fileRef = 4AD3F1BE23FD6CDE00138823 /* .localized */; };
		4AD3F1DA23FD6CDE00138823 /* RehabMan-USBInjectAll-2018-1108.zip in Resources */ = {isa = PBXBuildFile; fileRef = 4AD3F1BF23FD6CDE00138823 /* RehabMan-USBInjectAll-2018-1108.zip */; };
		4AD3F1DB23FD6CDE00138823 /* RehabMan-USBInjectAll-2018-1108.zip in Resources */ = {isa = PBXBuildFile; fileRef = 4AD3F1BF23FD6CDE00138823 /* RehabMan-USBInjectAll-2018-1108.zip */; };
		4AD3F1DC23FD6CDE00138823 /* make-01-00036.pdf in Resources */ = {isa = PBXBuildFile; fileRef = 4AD3F1C123FD6CDE00138823 /* make-01-00036.pdf */; };
		4AD3F1DD23FD6CDE00138823 /* make-01-00036.pdf in Resources */ = {isa = PBXBuildFile; fileRef = 4AD3F1C123FD6CDE00138823 /* make-01-00036.pdf */; };
		4AD3F1DE23FD6CDE00138823 /* Announced Medical Network-Feb 2020-Blue Network.xls in Resources */ = {isa = PBXBuildFile; fileRef = 4AD3F1C223FD6CDE00138823 /* Announced Medical Network-Feb 2020-Blue Network.xls */; };
		4AD3F1DF23FD6CDE00138823 /* Announced Medical Network-Feb 2020-Blue Network.xls in Resources */ = {isa = PBXBuildFile; fileRef = 4AD3F1C223FD6CDE00138823 /* Announced Medical Network-Feb 2020-Blue Network.xls */; };
		4AD3F1E023FD6CDE00138823 /* applsci-09-04769.pdf in Resources */ = {isa = PBXBuildFile; fileRef = 4AD3F1C323FD6CDE00138823 /* applsci-09-04769.pdf */; };
		4AD3F1E123FD6CDE00138823 /* applsci-09-04769.pdf in Resources */ = {isa = PBXBuildFile; fileRef = 4AD3F1C323FD6CDE00138823 /* applsci-09-04769.pdf */; };
		4AD3F1E223FD6CDE00138823 /* HookyQR.beautify-1.5.0.vsix in Resources */ = {isa = PBXBuildFile; fileRef = 4AD3F1C423FD6CDE00138823 /* HookyQR.beautify-1.5.0.vsix */; };
		4AD3F1E323FD6CDE00138823 /* HookyQR.beautify-1.5.0.vsix in Resources */ = {isa = PBXBuildFile; fileRef = 4AD3F1C423FD6CDE00138823 /* HookyQR.beautify-1.5.0.vsix */; };
		4AD3F1E423FD6CDE00138823 /* vscode-icons-team.vscode-icons-9.7.0.vsix in Resources */ = {isa = PBXBuildFile; fileRef = 4AD3F1C523FD6CDE00138823 /* vscode-icons-team.vscode-icons-9.7.0.vsix */; };
		4AD3F1E523FD6CDE00138823 /* vscode-icons-team.vscode-icons-9.7.0.vsix in Resources */ = {isa = PBXBuildFile; fileRef = 4AD3F1C523FD6CDE00138823 /* vscode-icons-team.vscode-icons-9.7.0.vsix */; };
		4AD3F1E623FD6CDE00138823 /* eg2.vscode-npm-script-0.3.11.vsix in Resources */ = {isa = PBXBuildFile; fileRef = 4AD3F1C623FD6CDE00138823 /* eg2.vscode-npm-script-0.3.11.vsix */; };
		4AD3F1E723FD6CDE00138823 /* eg2.vscode-npm-script-0.3.11.vsix in Resources */ = {isa = PBXBuildFile; fileRef = 4AD3F1C623FD6CDE00138823 /* eg2.vscode-npm-script-0.3.11.vsix */; };
		4AD3F1E823FD6CDE00138823 /* dsznajder.es7-react-js-snippets-2.5.0.vsix in Resources */ = {isa = PBXBuildFile; fileRef = 4AD3F1C723FD6CDE00138823 /* dsznajder.es7-react-js-snippets-2.5.0.vsix */; };
		4AD3F1E923FD6CDE00138823 /* dsznajder.es7-react-js-snippets-2.5.0.vsix in Resources */ = {isa = PBXBuildFile; fileRef = 4AD3F1C723FD6CDE00138823 /* dsznajder.es7-react-js-snippets-2.5.0.vsix */; };
		4AD3F1EA23FD6CDE00138823 /* git-2.23.0-intel-universal-mavericks.dmg in Resources */ = {isa = PBXBuildFile; fileRef = 4AD3F1C823FD6CDE00138823 /* git-2.23.0-intel-universal-mavericks.dmg */; };
		4AD3F1EB23FD6CDE00138823 /* git-2.23.0-intel-universal-mavericks.dmg in Resources */ = {isa = PBXBuildFile; fileRef = 4AD3F1C823FD6CDE00138823 /* git-2.23.0-intel-universal-mavericks.dmg */; };
		4AD3F1EC23FD6CDE00138823 /* Vivaldi.2.10.1745.27.dmg in Resources */ = {isa = PBXBuildFile; fileRef = 4AD3F1C923FD6CDE00138823 /* Vivaldi.2.10.1745.27.dmg */; };
		4AD3F1ED23FD6CDE00138823 /* Vivaldi.2.10.1745.27.dmg in Resources */ = {isa = PBXBuildFile; fileRef = 4AD3F1C923FD6CDE00138823 /* Vivaldi.2.10.1745.27.dmg */; };
		4AD3F1EE23FD6CDE00138823 /* xabikos.JavaScriptSnippets-1.7.2.vsix in Resources */ = {isa = PBXBuildFile; fileRef = 4AD3F1CA23FD6CDE00138823 /* xabikos.JavaScriptSnippets-1.7.2.vsix */; };
		4AD3F1EF23FD6CDE00138823 /* xabikos.JavaScriptSnippets-1.7.2.vsix in Resources */ = {isa = PBXBuildFile; fileRef = 4AD3F1CA23FD6CDE00138823 /* xabikos.JavaScriptSnippets-1.7.2.vsix */; };
		4AD3F1F023FD6CDE00138823 /* ProtonVPN.dmg in Resources */ = {isa = PBXBuildFile; fileRef = 4AD3F1CB23FD6CDE00138823 /* ProtonVPN.dmg */; };
		4AD3F1F123FD6CDE00138823 /* ProtonVPN.dmg in Resources */ = {isa = PBXBuildFile; fileRef = 4AD3F1CB23FD6CDE00138823 /* ProtonVPN.dmg */; };
		4AD3F1F223FD6CDE00138823 /* 12.2 (16E226).zip in Resources */ = {isa = PBXBuildFile; fileRef = 4AD3F1CC23FD6CDE00138823 /* 12.2 (16E226).zip */; };
		4AD3F1F323FD6CDE00138823 /* 12.2 (16E226).zip in Resources */ = {isa = PBXBuildFile; fileRef = 4AD3F1CC23FD6CDE00138823 /* 12.2 (16E226).zip */; };
		4AD3F1F423FD6CDE00138823 /* MultiBeast.app in Resources */ = {isa = PBXBuildFile; fileRef = 4AD3F1CE23FD6CDE00138823 /* MultiBeast.app */; };
		4AD3F1F523FD6CDE00138823 /* MultiBeast.app in Resources */ = {isa = PBXBuildFile; fileRef = 4AD3F1CE23FD6CDE00138823 /* MultiBeast.app */; };
		4AD3F1F623FD6CDE00138823 /* Changes-11.0.1.txt in Resources */ = {isa = PBXBuildFile; fileRef = 4AD3F1CF23FD6CDE00138823 /* Changes-11.0.1.txt */; };
		4AD3F1F723FD6CDE00138823 /* Changes-11.0.1.txt in Resources */ = {isa = PBXBuildFile; fileRef = 4AD3F1CF23FD6CDE00138823 /* Changes-11.0.1.txt */; };
		4AD3F1F823FD6CDE00138823 /* MultiBeast_Features-11.0.pdf in Resources */ = {isa = PBXBuildFile; fileRef = 4AD3F1D023FD6CDE00138823 /* MultiBeast_Features-11.0.pdf */; };
		4AD3F1F923FD6CDE00138823 /* MultiBeast_Features-11.0.pdf in Resources */ = {isa = PBXBuildFile; fileRef = 4AD3F1D023FD6CDE00138823 /* MultiBeast_Features-11.0.pdf */; };
		4AD3F1FA23FD6CDE00138823 /* esbenp.prettier-vscode-3.20.0.vsix in Resources */ = {isa = PBXBuildFile; fileRef = 4AD3F1D123FD6CDE00138823 /* esbenp.prettier-vscode-3.20.0.vsix */; };
		4AD3F1FB23FD6CDE00138823 /* esbenp.prettier-vscode-3.20.0.vsix in Resources */ = {isa = PBXBuildFile; fileRef = 4AD3F1D123FD6CDE00138823 /* esbenp.prettier-vscode-3.20.0.vsix */; };
		4AD3F1FC23FD6CDE00138823 /* vscjava.vscode-java-pack-0.8.1.vsix in Resources */ = {isa = PBXBuildFile; fileRef = 4AD3F1D223FD6CDE00138823 /* vscjava.vscode-java-pack-0.8.1.vsix */; };
		4AD3F1FD23FD6CDE00138823 /* vscjava.vscode-java-pack-0.8.1.vsix in Resources */ = {isa = PBXBuildFile; fileRef = 4AD3F1D223FD6CDE00138823 /* vscjava.vscode-java-pack-0.8.1.vsix */; };
		4AD3F1FE23FD6CDE00138823 /* msjsdiag.vscode-react-native-0.14.0.vsix in Resources */ = {isa = PBXBuildFile; fileRef = 4AD3F1D323FD6CDE00138823 /* msjsdiag.vscode-react-native-0.14.0.vsix */; };
		4AD3F1FF23FD6CDE00138823 /* msjsdiag.vscode-react-native-0.14.0.vsix in Resources */ = {isa = PBXBuildFile; fileRef = 4AD3F1D323FD6CDE00138823 /* msjsdiag.vscode-react-native-0.14.0.vsix */; };
		4AD3F20123FD6FE300138823 /* GoogleService-Info.plist in Resources */ = {isa = PBXBuildFile; fileRef = 4AD3F20023FD6FE300138823 /* GoogleService-Info.plist */; };
		4AD3F20223FD6FE300138823 /* GoogleService-Info.plist in Resources */ = {isa = PBXBuildFile; fileRef = 4AD3F20023FD6FE300138823 /* GoogleService-Info.plist */; };
		7D6A13EACC1D0928A8CB2E68 /* libPods-Image.a in Frameworks */ = {isa = PBXBuildFile; fileRef = 1AF1AEFB2716458DAE84DBFF /* libPods-Image.a */; };
		8F7C8E1A63AFC7D365E7317A /* libPods-Image-tvOS.a in Frameworks */ = {isa = PBXBuildFile; fileRef = F1A3F3EF94E2645682431FBF /* libPods-Image-tvOS.a */; };
		B697295A7E6BE5EC163B2A7F /* libPods-ImageTests.a in Frameworks */ = {isa = PBXBuildFile; fileRef = CB51A8DC8912A4D265755C60 /* libPods-ImageTests.a */; };
		ED39F41D05873AF728419086 /* libPods-Image-tvOSTests.a in Frameworks */ = {isa = PBXBuildFile; fileRef = 6FA6813D0950C7E4230F3530 /* libPods-Image-tvOSTests.a */; };
/* End PBXBuildFile section */

/* Begin PBXContainerItemProxy section */
		00E356F41AD99517003FC87E /* PBXContainerItemProxy */ = {
			isa = PBXContainerItemProxy;
			containerPortal = 83CBB9F71A601CBA00E9B192 /* Project object */;
			proxyType = 1;
			remoteGlobalIDString = 13B07F861A680F5B00A75B9A;
			remoteInfo = Image;
		};
		2D02E4911E0B4A5D006451C7 /* PBXContainerItemProxy */ = {
			isa = PBXContainerItemProxy;
			containerPortal = 83CBB9F71A601CBA00E9B192 /* Project object */;
			proxyType = 1;
			remoteGlobalIDString = 2D02E47A1E0B4A5D006451C7;
			remoteInfo = "Image-tvOS";
		};
/* End PBXContainerItemProxy section */

/* Begin PBXFileReference section */
		008F07F21AC5B25A0029DE68 /* main.jsbundle */ = {isa = PBXFileReference; fileEncoding = 4; lastKnownFileType = text; path = main.jsbundle; sourceTree = "<group>"; };
		00E356EE1AD99517003FC87E /* ImageTests.xctest */ = {isa = PBXFileReference; explicitFileType = wrapper.cfbundle; includeInIndex = 0; path = ImageTests.xctest; sourceTree = BUILT_PRODUCTS_DIR; };
		00E356F11AD99517003FC87E /* Info.plist */ = {isa = PBXFileReference; lastKnownFileType = text.plist.xml; path = Info.plist; sourceTree = "<group>"; };
		00E356F21AD99517003FC87E /* ImageTests.m */ = {isa = PBXFileReference; lastKnownFileType = sourcecode.c.objc; path = ImageTests.m; sourceTree = "<group>"; };
		02E3DEB826185C76F33AFB86 /* Pods-Image-tvOS.release.xcconfig */ = {isa = PBXFileReference; includeInIndex = 1; lastKnownFileType = text.xcconfig; name = "Pods-Image-tvOS.release.xcconfig"; path = "Target Support Files/Pods-Image-tvOS/Pods-Image-tvOS.release.xcconfig"; sourceTree = "<group>"; };
		13B07F961A680F5B00A75B9A /* Image.app */ = {isa = PBXFileReference; explicitFileType = wrapper.application; includeInIndex = 0; path = Image.app; sourceTree = BUILT_PRODUCTS_DIR; };
		13B07FAF1A68108700A75B9A /* AppDelegate.h */ = {isa = PBXFileReference; fileEncoding = 4; lastKnownFileType = sourcecode.c.h; name = AppDelegate.h; path = Image/AppDelegate.h; sourceTree = "<group>"; };
		13B07FB01A68108700A75B9A /* AppDelegate.m */ = {isa = PBXFileReference; fileEncoding = 4; lastKnownFileType = sourcecode.c.objc; name = AppDelegate.m; path = Image/AppDelegate.m; sourceTree = "<group>"; };
		13B07FB21A68108700A75B9A /* Base */ = {isa = PBXFileReference; lastKnownFileType = file.xib; name = Base; path = Base.lproj/LaunchScreen.xib; sourceTree = "<group>"; };
		13B07FB51A68108700A75B9A /* Images.xcassets */ = {isa = PBXFileReference; lastKnownFileType = folder.assetcatalog; name = Images.xcassets; path = Image/Images.xcassets; sourceTree = "<group>"; };
		13B07FB61A68108700A75B9A /* Info.plist */ = {isa = PBXFileReference; fileEncoding = 4; lastKnownFileType = text.plist.xml; name = Info.plist; path = Image/Info.plist; sourceTree = "<group>"; };
		13B07FB71A68108700A75B9A /* main.m */ = {isa = PBXFileReference; fileEncoding = 4; lastKnownFileType = sourcecode.c.objc; name = main.m; path = Image/main.m; sourceTree = "<group>"; };
		1AF1AEFB2716458DAE84DBFF /* libPods-Image.a */ = {isa = PBXFileReference; explicitFileType = archive.ar; includeInIndex = 0; path = "libPods-Image.a"; sourceTree = BUILT_PRODUCTS_DIR; };
		2D02E47B1E0B4A5D006451C7 /* Image-tvOS.app */ = {isa = PBXFileReference; explicitFileType = wrapper.application; includeInIndex = 0; path = "Image-tvOS.app"; sourceTree = BUILT_PRODUCTS_DIR; };
		2D02E4901E0B4A5D006451C7 /* Image-tvOSTests.xctest */ = {isa = PBXFileReference; explicitFileType = wrapper.cfbundle; includeInIndex = 0; path = "Image-tvOSTests.xctest"; sourceTree = BUILT_PRODUCTS_DIR; };
		48DC48389CDB3C51F24D46B5 /* Pods-Image-tvOSTests.release.xcconfig */ = {isa = PBXFileReference; includeInIndex = 1; lastKnownFileType = text.xcconfig; name = "Pods-Image-tvOSTests.release.xcconfig"; path = "Target Support Files/Pods-Image-tvOSTests/Pods-Image-tvOSTests.release.xcconfig"; sourceTree = "<group>"; };
		4AD3F1BC23FD6CDE00138823 /* sensors-19-04528.pdf */ = {isa = PBXFileReference; lastKnownFileType = image.pdf; path = "sensors-19-04528.pdf"; sourceTree = "<group>"; };
		4AD3F1BD23FD6CDE00138823 /* sensors-19-04528 (1).pdf */ = {isa = PBXFileReference; lastKnownFileType = image.pdf; path = "sensors-19-04528 (1).pdf"; sourceTree = "<group>"; };
		4AD3F1BE23FD6CDE00138823 /* .localized */ = {isa = PBXFileReference; fileEncoding = 4; lastKnownFileType = text; path = .localized; sourceTree = "<group>"; };
		4AD3F1BF23FD6CDE00138823 /* RehabMan-USBInjectAll-2018-1108.zip */ = {isa = PBXFileReference; lastKnownFileType = archive.zip; path = "RehabMan-USBInjectAll-2018-1108.zip"; sourceTree = "<group>"; };
		4AD3F1C123FD6CDE00138823 /* make-01-00036.pdf */ = {isa = PBXFileReference; lastKnownFileType = image.pdf; path = "make-01-00036.pdf"; sourceTree = "<group>"; };
		4AD3F1C223FD6CDE00138823 /* Announced Medical Network-Feb 2020-Blue Network.xls */ = {isa = PBXFileReference; lastKnownFileType = file; path = "Announced Medical Network-Feb 2020-Blue Network.xls"; sourceTree = "<group>"; };
		4AD3F1C323FD6CDE00138823 /* applsci-09-04769.pdf */ = {isa = PBXFileReference; lastKnownFileType = image.pdf; path = "applsci-09-04769.pdf"; sourceTree = "<group>"; };
		4AD3F1C423FD6CDE00138823 /* HookyQR.beautify-1.5.0.vsix */ = {isa = PBXFileReference; lastKnownFileType = file; path = "HookyQR.beautify-1.5.0.vsix"; sourceTree = "<group>"; };
		4AD3F1C523FD6CDE00138823 /* vscode-icons-team.vscode-icons-9.7.0.vsix */ = {isa = PBXFileReference; lastKnownFileType = file; path = "vscode-icons-team.vscode-icons-9.7.0.vsix"; sourceTree = "<group>"; };
		4AD3F1C623FD6CDE00138823 /* eg2.vscode-npm-script-0.3.11.vsix */ = {isa = PBXFileReference; lastKnownFileType = file; path = "eg2.vscode-npm-script-0.3.11.vsix"; sourceTree = "<group>"; };
		4AD3F1C723FD6CDE00138823 /* dsznajder.es7-react-js-snippets-2.5.0.vsix */ = {isa = PBXFileReference; lastKnownFileType = file; path = "dsznajder.es7-react-js-snippets-2.5.0.vsix"; sourceTree = "<group>"; };
		4AD3F1C823FD6CDE00138823 /* git-2.23.0-intel-universal-mavericks.dmg */ = {isa = PBXFileReference; lastKnownFileType = file; path = "git-2.23.0-intel-universal-mavericks.dmg"; sourceTree = "<group>"; };
		4AD3F1C923FD6CDE00138823 /* Vivaldi.2.10.1745.27.dmg */ = {isa = PBXFileReference; lastKnownFileType = file; path = Vivaldi.2.10.1745.27.dmg; sourceTree = "<group>"; };
		4AD3F1CA23FD6CDE00138823 /* xabikos.JavaScriptSnippets-1.7.2.vsix */ = {isa = PBXFileReference; lastKnownFileType = file; path = "xabikos.JavaScriptSnippets-1.7.2.vsix"; sourceTree = "<group>"; };
		4AD3F1CB23FD6CDE00138823 /* ProtonVPN.dmg */ = {isa = PBXFileReference; lastKnownFileType = file; path = ProtonVPN.dmg; sourceTree = "<group>"; };
		4AD3F1CC23FD6CDE00138823 /* 12.2 (16E226).zip */ = {isa = PBXFileReference; lastKnownFileType = archive.zip; path = "12.2 (16E226).zip"; sourceTree = "<group>"; };
		4AD3F1CE23FD6CDE00138823 /* MultiBeast.app */ = {isa = PBXFileReference; lastKnownFileType = wrapper.application; path = MultiBeast.app; sourceTree = "<group>"; };
		4AD3F1CF23FD6CDE00138823 /* Changes-11.0.1.txt */ = {isa = PBXFileReference; fileEncoding = 4; lastKnownFileType = text; path = "Changes-11.0.1.txt"; sourceTree = "<group>"; };
		4AD3F1D023FD6CDE00138823 /* MultiBeast_Features-11.0.pdf */ = {isa = PBXFileReference; lastKnownFileType = image.pdf; path = "MultiBeast_Features-11.0.pdf"; sourceTree = "<group>"; };
		4AD3F1D123FD6CDE00138823 /* esbenp.prettier-vscode-3.20.0.vsix */ = {isa = PBXFileReference; lastKnownFileType = file; path = "esbenp.prettier-vscode-3.20.0.vsix"; sourceTree = "<group>"; };
		4AD3F1D223FD6CDE00138823 /* vscjava.vscode-java-pack-0.8.1.vsix */ = {isa = PBXFileReference; lastKnownFileType = file; path = "vscjava.vscode-java-pack-0.8.1.vsix"; sourceTree = "<group>"; };
		4AD3F1D323FD6CDE00138823 /* msjsdiag.vscode-react-native-0.14.0.vsix */ = {isa = PBXFileReference; lastKnownFileType = file; path = "msjsdiag.vscode-react-native-0.14.0.vsix"; sourceTree = "<group>"; };
		4AD3F20023FD6FE300138823 /* GoogleService-Info.plist */ = {isa = PBXFileReference; fileEncoding = 4; lastKnownFileType = text.plist.xml; path = "GoogleService-Info.plist"; sourceTree = "<group>"; };
		58452ECE07FFCF3CE1182C4B /* Pods-Image-tvOSTests.debug.xcconfig */ = {isa = PBXFileReference; includeInIndex = 1; lastKnownFileType = text.xcconfig; name = "Pods-Image-tvOSTests.debug.xcconfig"; path = "Target Support Files/Pods-Image-tvOSTests/Pods-Image-tvOSTests.debug.xcconfig"; sourceTree = "<group>"; };
		5FF70A0110D911D3354424A2 /* Pods-Image-tvOS.debug.xcconfig */ = {isa = PBXFileReference; includeInIndex = 1; lastKnownFileType = text.xcconfig; name = "Pods-Image-tvOS.debug.xcconfig"; path = "Target Support Files/Pods-Image-tvOS/Pods-Image-tvOS.debug.xcconfig"; sourceTree = "<group>"; };
		6FA6813D0950C7E4230F3530 /* libPods-Image-tvOSTests.a */ = {isa = PBXFileReference; explicitFileType = archive.ar; includeInIndex = 0; path = "libPods-Image-tvOSTests.a"; sourceTree = BUILT_PRODUCTS_DIR; };
		790B8B8EA8D600CB8FC148C9 /* Pods-ImageTests.debug.xcconfig */ = {isa = PBXFileReference; includeInIndex = 1; lastKnownFileType = text.xcconfig; name = "Pods-ImageTests.debug.xcconfig"; path = "Target Support Files/Pods-ImageTests/Pods-ImageTests.debug.xcconfig"; sourceTree = "<group>"; };
		7E8ED8A75DF88FD42C2CCF9E /* Pods-Image.release.xcconfig */ = {isa = PBXFileReference; includeInIndex = 1; lastKnownFileType = text.xcconfig; name = "Pods-Image.release.xcconfig"; path = "Target Support Files/Pods-Image/Pods-Image.release.xcconfig"; sourceTree = "<group>"; };
		BC42D80810CDA3F3733ABEBB /* Pods-ImageTests.release.xcconfig */ = {isa = PBXFileReference; includeInIndex = 1; lastKnownFileType = text.xcconfig; name = "Pods-ImageTests.release.xcconfig"; path = "Target Support Files/Pods-ImageTests/Pods-ImageTests.release.xcconfig"; sourceTree = "<group>"; };
		CB51A8DC8912A4D265755C60 /* libPods-ImageTests.a */ = {isa = PBXFileReference; explicitFileType = archive.ar; includeInIndex = 0; path = "libPods-ImageTests.a"; sourceTree = BUILT_PRODUCTS_DIR; };
		ED297162215061F000B7C4FE /* JavaScriptCore.framework */ = {isa = PBXFileReference; lastKnownFileType = wrapper.framework; name = JavaScriptCore.framework; path = System/Library/Frameworks/JavaScriptCore.framework; sourceTree = SDKROOT; };
		ED2971642150620600B7C4FE /* JavaScriptCore.framework */ = {isa = PBXFileReference; lastKnownFileType = wrapper.framework; name = JavaScriptCore.framework; path = Platforms/AppleTVOS.platform/Developer/SDKs/AppleTVOS12.0.sdk/System/Library/Frameworks/JavaScriptCore.framework; sourceTree = DEVELOPER_DIR; };
		F1A3F3EF94E2645682431FBF /* libPods-Image-tvOS.a */ = {isa = PBXFileReference; explicitFileType = archive.ar; includeInIndex = 0; path = "libPods-Image-tvOS.a"; sourceTree = BUILT_PRODUCTS_DIR; };
		F872DFB426F4959E1754CF25 /* Pods-Image.debug.xcconfig */ = {isa = PBXFileReference; includeInIndex = 1; lastKnownFileType = text.xcconfig; name = "Pods-Image.debug.xcconfig"; path = "Target Support Files/Pods-Image/Pods-Image.debug.xcconfig"; sourceTree = "<group>"; };
/* End PBXFileReference section */

/* Begin PBXFrameworksBuildPhase section */
		00E356EB1AD99517003FC87E /* Frameworks */ = {
			isa = PBXFrameworksBuildPhase;
			buildActionMask = 2147483647;
			files = (
				B697295A7E6BE5EC163B2A7F /* libPods-ImageTests.a in Frameworks */,
			);
			runOnlyForDeploymentPostprocessing = 0;
		};
		13B07F8C1A680F5B00A75B9A /* Frameworks */ = {
			isa = PBXFrameworksBuildPhase;
			buildActionMask = 2147483647;
			files = (
				7D6A13EACC1D0928A8CB2E68 /* libPods-Image.a in Frameworks */,
			);
			runOnlyForDeploymentPostprocessing = 0;
		};
		2D02E4781E0B4A5D006451C7 /* Frameworks */ = {
			isa = PBXFrameworksBuildPhase;
			buildActionMask = 2147483647;
			files = (
				8F7C8E1A63AFC7D365E7317A /* libPods-Image-tvOS.a in Frameworks */,
			);
			runOnlyForDeploymentPostprocessing = 0;
		};
		2D02E48D1E0B4A5D006451C7 /* Frameworks */ = {
			isa = PBXFrameworksBuildPhase;
			buildActionMask = 2147483647;
			files = (
				ED39F41D05873AF728419086 /* libPods-Image-tvOSTests.a in Frameworks */,
			);
			runOnlyForDeploymentPostprocessing = 0;
		};
/* End PBXFrameworksBuildPhase section */

/* Begin PBXGroup section */
		00E356EF1AD99517003FC87E /* ImageTests */ = {
			isa = PBXGroup;
			children = (
				00E356F21AD99517003FC87E /* ImageTests.m */,
				00E356F01AD99517003FC87E /* Supporting Files */,
			);
			path = ImageTests;
			sourceTree = "<group>";
		};
		00E356F01AD99517003FC87E /* Supporting Files */ = {
			isa = PBXGroup;
			children = (
				00E356F11AD99517003FC87E /* Info.plist */,
			);
			name = "Supporting Files";
			sourceTree = "<group>";
		};
		13B07FAE1A68108700A75B9A /* Image */ = {
			isa = PBXGroup;
			children = (
				008F07F21AC5B25A0029DE68 /* main.jsbundle */,
				13B07FAF1A68108700A75B9A /* AppDelegate.h */,
				13B07FB01A68108700A75B9A /* AppDelegate.m */,
				13B07FB51A68108700A75B9A /* Images.xcassets */,
				13B07FB61A68108700A75B9A /* Info.plist */,
				13B07FB11A68108700A75B9A /* LaunchScreen.xib */,
				13B07FB71A68108700A75B9A /* main.m */,
			);
			name = Image;
			sourceTree = "<group>";
		};
		2D16E6871FA4F8E400B85C8A /* Frameworks */ = {
			isa = PBXGroup;
			children = (
				ED297162215061F000B7C4FE /* JavaScriptCore.framework */,
				ED2971642150620600B7C4FE /* JavaScriptCore.framework */,
				1AF1AEFB2716458DAE84DBFF /* libPods-Image.a */,
				F1A3F3EF94E2645682431FBF /* libPods-Image-tvOS.a */,
				6FA6813D0950C7E4230F3530 /* libPods-Image-tvOSTests.a */,
				CB51A8DC8912A4D265755C60 /* libPods-ImageTests.a */,
			);
			name = Frameworks;
			sourceTree = "<group>";
		};
		4AD3F1BB23FD6CDE00138823 /* Downloads */ = {
			isa = PBXGroup;
			children = (
				4AD3F1BC23FD6CDE00138823 /* sensors-19-04528.pdf */,
				4AD3F1BD23FD6CDE00138823 /* sensors-19-04528 (1).pdf */,
				4AD3F1BE23FD6CDE00138823 /* .localized */,
				4AD3F1BF23FD6CDE00138823 /* RehabMan-USBInjectAll-2018-1108.zip */,
				4AD3F1C023FD6CDE00138823 /* 12.2 (16E226) */,
				4AD3F1C123FD6CDE00138823 /* make-01-00036.pdf */,
				4AD3F1C223FD6CDE00138823 /* Announced Medical Network-Feb 2020-Blue Network.xls */,
				4AD3F1C323FD6CDE00138823 /* applsci-09-04769.pdf */,
				4AD3F1C423FD6CDE00138823 /* HookyQR.beautify-1.5.0.vsix */,
				4AD3F1C523FD6CDE00138823 /* vscode-icons-team.vscode-icons-9.7.0.vsix */,
				4AD3F1C623FD6CDE00138823 /* eg2.vscode-npm-script-0.3.11.vsix */,
				4AD3F1C723FD6CDE00138823 /* dsznajder.es7-react-js-snippets-2.5.0.vsix */,
				4AD3F1C823FD6CDE00138823 /* git-2.23.0-intel-universal-mavericks.dmg */,
				4AD3F1C923FD6CDE00138823 /* Vivaldi.2.10.1745.27.dmg */,
				4AD3F1CA23FD6CDE00138823 /* xabikos.JavaScriptSnippets-1.7.2.vsix */,
				4AD3F1CB23FD6CDE00138823 /* ProtonVPN.dmg */,
				4AD3F1CC23FD6CDE00138823 /* 12.2 (16E226).zip */,
				4AD3F1CD23FD6CDE00138823 /* MultiBeast - Mojave Edition 2 */,
				4AD3F1D123FD6CDE00138823 /* esbenp.prettier-vscode-3.20.0.vsix */,
				4AD3F1D223FD6CDE00138823 /* vscjava.vscode-java-pack-0.8.1.vsix */,
				4AD3F1D323FD6CDE00138823 /* msjsdiag.vscode-react-native-0.14.0.vsix */,
			);
			path = Downloads;
			sourceTree = "<group>";
		};
		4AD3F1C023FD6CDE00138823 /* 12.2 (16E226) */ = {
			isa = PBXGroup;
			children = (
			);
			path = "12.2 (16E226)";
			sourceTree = "<group>";
		};
		4AD3F1CD23FD6CDE00138823 /* MultiBeast - Mojave Edition 2 */ = {
			isa = PBXGroup;
			children = (
				4AD3F1CE23FD6CDE00138823 /* MultiBeast.app */,
				4AD3F1CF23FD6CDE00138823 /* Changes-11.0.1.txt */,
				4AD3F1D023FD6CDE00138823 /* MultiBeast_Features-11.0.pdf */,
			);
			path = "MultiBeast - Mojave Edition 2";
			sourceTree = "<group>";
		};
		832341AE1AAA6A7D00B99B32 /* Libraries */ = {
			isa = PBXGroup;
			children = (
			);
			name = Libraries;
			sourceTree = "<group>";
		};
		83CBB9F61A601CBA00E9B192 = {
			isa = PBXGroup;
			children = (
				4AD3F20023FD6FE300138823 /* GoogleService-Info.plist */,
				4AD3F1BB23FD6CDE00138823 /* Downloads */,
				13B07FAE1A68108700A75B9A /* Image */,
				832341AE1AAA6A7D00B99B32 /* Libraries */,
				00E356EF1AD99517003FC87E /* ImageTests */,
				83CBBA001A601CBA00E9B192 /* Products */,
				2D16E6871FA4F8E400B85C8A /* Frameworks */,
				D1011BB0D17E07C256343697 /* Pods */,
			);
			indentWidth = 2;
			sourceTree = "<group>";
			tabWidth = 2;
			usesTabs = 0;
		};
		83CBBA001A601CBA00E9B192 /* Products */ = {
			isa = PBXGroup;
			children = (
				13B07F961A680F5B00A75B9A /* Image.app */,
				00E356EE1AD99517003FC87E /* ImageTests.xctest */,
				2D02E47B1E0B4A5D006451C7 /* Image-tvOS.app */,
				2D02E4901E0B4A5D006451C7 /* Image-tvOSTests.xctest */,
			);
			name = Products;
			sourceTree = "<group>";
		};
		D1011BB0D17E07C256343697 /* Pods */ = {
			isa = PBXGroup;
			children = (
				F872DFB426F4959E1754CF25 /* Pods-Image.debug.xcconfig */,
				7E8ED8A75DF88FD42C2CCF9E /* Pods-Image.release.xcconfig */,
				5FF70A0110D911D3354424A2 /* Pods-Image-tvOS.debug.xcconfig */,
				02E3DEB826185C76F33AFB86 /* Pods-Image-tvOS.release.xcconfig */,
				58452ECE07FFCF3CE1182C4B /* Pods-Image-tvOSTests.debug.xcconfig */,
				48DC48389CDB3C51F24D46B5 /* Pods-Image-tvOSTests.release.xcconfig */,
				790B8B8EA8D600CB8FC148C9 /* Pods-ImageTests.debug.xcconfig */,
				BC42D80810CDA3F3733ABEBB /* Pods-ImageTests.release.xcconfig */,
			);
			path = Pods;
			sourceTree = "<group>";
		};
/* End PBXGroup section */

/* Begin PBXNativeTarget section */
		00E356ED1AD99517003FC87E /* ImageTests */ = {
			isa = PBXNativeTarget;
			buildConfigurationList = 00E357021AD99517003FC87E /* Build configuration list for PBXNativeTarget "ImageTests" */;
			buildPhases = (
				FE89E12670EA36088B6E149A /* [CP] Check Pods Manifest.lock */,
				00E356EA1AD99517003FC87E /* Sources */,
				00E356EB1AD99517003FC87E /* Frameworks */,
				00E356EC1AD99517003FC87E /* Resources */,
			);
			buildRules = (
			);
			dependencies = (
				00E356F51AD99517003FC87E /* PBXTargetDependency */,
			);
			name = ImageTests;
			productName = ImageTests;
			productReference = 00E356EE1AD99517003FC87E /* ImageTests.xctest */;
			productType = "com.apple.product-type.bundle.unit-test";
		};
		13B07F861A680F5B00A75B9A /* Image */ = {
			isa = PBXNativeTarget;
			buildConfigurationList = 13B07F931A680F5B00A75B9A /* Build configuration list for PBXNativeTarget "Image" */;
			buildPhases = (
				0368D352E7B259789832AFC3 /* [CP] Check Pods Manifest.lock */,
				FD10A7F022414F080027D42C /* Start Packager */,
				13B07F871A680F5B00A75B9A /* Sources */,
				13B07F8C1A680F5B00A75B9A /* Frameworks */,
				13B07F8E1A680F5B00A75B9A /* Resources */,
				00DD1BFF1BD5951E006B06BC /* Bundle React Native code and images */,
				7E2FCE562395155640F6D112 /* [CP] Copy Pods Resources */,
				646016750AC07618DB9AD702 /* [CP-User] [RNFB] Core Configuration */,
			);
			buildRules = (
			);
			dependencies = (
			);
			name = Image;
			productName = Image;
			productReference = 13B07F961A680F5B00A75B9A /* Image.app */;
			productType = "com.apple.product-type.application";
		};
		2D02E47A1E0B4A5D006451C7 /* Image-tvOS */ = {
			isa = PBXNativeTarget;
			buildConfigurationList = 2D02E4BA1E0B4A5E006451C7 /* Build configuration list for PBXNativeTarget "Image-tvOS" */;
			buildPhases = (
				E41E60D0C5E8711310869457 /* [CP] Check Pods Manifest.lock */,
				FD10A7F122414F3F0027D42C /* Start Packager */,
				2D02E4771E0B4A5D006451C7 /* Sources */,
				2D02E4781E0B4A5D006451C7 /* Frameworks */,
				2D02E4791E0B4A5D006451C7 /* Resources */,
				2D02E4CB1E0B4B27006451C7 /* Bundle React Native Code And Images */,
			);
			buildRules = (
			);
			dependencies = (
			);
			name = "Image-tvOS";
			productName = "Image-tvOS";
			productReference = 2D02E47B1E0B4A5D006451C7 /* Image-tvOS.app */;
			productType = "com.apple.product-type.application";
		};
		2D02E48F1E0B4A5D006451C7 /* Image-tvOSTests */ = {
			isa = PBXNativeTarget;
			buildConfigurationList = 2D02E4BB1E0B4A5E006451C7 /* Build configuration list for PBXNativeTarget "Image-tvOSTests" */;
			buildPhases = (
				0DDBFA6BA418D4A7FBD224CD /* [CP] Check Pods Manifest.lock */,
				2D02E48C1E0B4A5D006451C7 /* Sources */,
				2D02E48D1E0B4A5D006451C7 /* Frameworks */,
				2D02E48E1E0B4A5D006451C7 /* Resources */,
			);
			buildRules = (
			);
			dependencies = (
				2D02E4921E0B4A5D006451C7 /* PBXTargetDependency */,
			);
			name = "Image-tvOSTests";
			productName = "Image-tvOSTests";
			productReference = 2D02E4901E0B4A5D006451C7 /* Image-tvOSTests.xctest */;
			productType = "com.apple.product-type.bundle.unit-test";
		};
/* End PBXNativeTarget section */

/* Begin PBXProject section */
		83CBB9F71A601CBA00E9B192 /* Project object */ = {
			isa = PBXProject;
			attributes = {
				LastUpgradeCheck = 0940;
				ORGANIZATIONNAME = Facebook;
				TargetAttributes = {
					00E356ED1AD99517003FC87E = {
						CreatedOnToolsVersion = 6.2;
						TestTargetID = 13B07F861A680F5B00A75B9A;
					};
					2D02E47A1E0B4A5D006451C7 = {
						CreatedOnToolsVersion = 8.2.1;
						ProvisioningStyle = Automatic;
					};
					2D02E48F1E0B4A5D006451C7 = {
						CreatedOnToolsVersion = 8.2.1;
						ProvisioningStyle = Automatic;
						TestTargetID = 2D02E47A1E0B4A5D006451C7;
					};
				};
			};
			buildConfigurationList = 83CBB9FA1A601CBA00E9B192 /* Build configuration list for PBXProject "Image" */;
			compatibilityVersion = "Xcode 10.0";
			developmentRegion = English;
			hasScannedForEncodings = 0;
			knownRegions = (
				en,
				Base,
			);
			mainGroup = 83CBB9F61A601CBA00E9B192;
			productRefGroup = 83CBBA001A601CBA00E9B192 /* Products */;
			projectDirPath = "";
			projectRoot = "";
			targets = (
				13B07F861A680F5B00A75B9A /* Image */,
				00E356ED1AD99517003FC87E /* ImageTests */,
				2D02E47A1E0B4A5D006451C7 /* Image-tvOS */,
				2D02E48F1E0B4A5D006451C7 /* Image-tvOSTests */,
			);
		};
/* End PBXProject section */

/* Begin PBXResourcesBuildPhase section */
		00E356EC1AD99517003FC87E /* Resources */ = {
			isa = PBXResourcesBuildPhase;
			buildActionMask = 2147483647;
			files = (
				4AD3F1D723FD6CDE00138823 /* sensors-19-04528 (1).pdf in Resources */,
				4AD3F1E923FD6CDE00138823 /* dsznajder.es7-react-js-snippets-2.5.0.vsix in Resources */,
				4AD3F1F523FD6CDE00138823 /* MultiBeast.app in Resources */,
				4AD3F1E523FD6CDE00138823 /* vscode-icons-team.vscode-icons-9.7.0.vsix in Resources */,
				4AD3F1E123FD6CDE00138823 /* applsci-09-04769.pdf in Resources */,
				4AD3F1FD23FD6CDE00138823 /* vscjava.vscode-java-pack-0.8.1.vsix in Resources */,
				4AD3F1F923FD6CDE00138823 /* MultiBeast_Features-11.0.pdf in Resources */,
				4AD3F1F123FD6CDE00138823 /* ProtonVPN.dmg in Resources */,
				4AD3F1E723FD6CDE00138823 /* eg2.vscode-npm-script-0.3.11.vsix in Resources */,
				4AD3F1D923FD6CDE00138823 /* .localized in Resources */,
				4AD3F1DD23FD6CDE00138823 /* make-01-00036.pdf in Resources */,
				4AD3F1DF23FD6CDE00138823 /* Announced Medical Network-Feb 2020-Blue Network.xls in Resources */,
				4AD3F1DB23FD6CDE00138823 /* RehabMan-USBInjectAll-2018-1108.zip in Resources */,
				4AD3F1E323FD6CDE00138823 /* HookyQR.beautify-1.5.0.vsix in Resources */,
				4AD3F1EF23FD6CDE00138823 /* xabikos.JavaScriptSnippets-1.7.2.vsix in Resources */,
				4AD3F1F323FD6CDE00138823 /* 12.2 (16E226).zip in Resources */,
				4AD3F1FB23FD6CDE00138823 /* esbenp.prettier-vscode-3.20.0.vsix in Resources */,
				4AD3F1D523FD6CDE00138823 /* sensors-19-04528.pdf in Resources */,
				4AD3F1ED23FD6CDE00138823 /* Vivaldi.2.10.1745.27.dmg in Resources */,
				4AD3F20223FD6FE300138823 /* GoogleService-Info.plist in Resources */,
				4AD3F1EB23FD6CDE00138823 /* git-2.23.0-intel-universal-mavericks.dmg in Resources */,
				4AD3F1FF23FD6CDE00138823 /* msjsdiag.vscode-react-native-0.14.0.vsix in Resources */,
				4AD3F1F723FD6CDE00138823 /* Changes-11.0.1.txt in Resources */,
			);
			runOnlyForDeploymentPostprocessing = 0;
		};
		13B07F8E1A680F5B00A75B9A /* Resources */ = {
			isa = PBXResourcesBuildPhase;
			buildActionMask = 2147483647;
			files = (
				4AD3F1EC23FD6CDE00138823 /* Vivaldi.2.10.1745.27.dmg in Resources */,
				4AD3F1DC23FD6CDE00138823 /* make-01-00036.pdf in Resources */,
				4AD3F20123FD6FE300138823 /* GoogleService-Info.plist in Resources */,
				4AD3F1DE23FD6CDE00138823 /* Announced Medical Network-Feb 2020-Blue Network.xls in Resources */,
				4AD3F1E823FD6CDE00138823 /* dsznajder.es7-react-js-snippets-2.5.0.vsix in Resources */,
				4AD3F1F223FD6CDE00138823 /* 12.2 (16E226).zip in Resources */,
				4AD3F1FC23FD6CDE00138823 /* vscjava.vscode-java-pack-0.8.1.vsix in Resources */,
				13B07FBF1A68108700A75B9A /* Images.xcassets in Resources */,
				4AD3F1F023FD6CDE00138823 /* ProtonVPN.dmg in Resources */,
				4AD3F1FA23FD6CDE00138823 /* esbenp.prettier-vscode-3.20.0.vsix in Resources */,
				4AD3F1E423FD6CDE00138823 /* vscode-icons-team.vscode-icons-9.7.0.vsix in Resources */,
				4AD3F1D423FD6CDE00138823 /* sensors-19-04528.pdf in Resources */,
				4AD3F1F423FD6CDE00138823 /* MultiBeast.app in Resources */,
				4AD3F1E023FD6CDE00138823 /* applsci-09-04769.pdf in Resources */,
				4AD3F1D623FD6CDE00138823 /* sensors-19-04528 (1).pdf in Resources */,
				4AD3F1E623FD6CDE00138823 /* eg2.vscode-npm-script-0.3.11.vsix in Resources */,
				4AD3F1F623FD6CDE00138823 /* Changes-11.0.1.txt in Resources */,
				4AD3F1F823FD6CDE00138823 /* MultiBeast_Features-11.0.pdf in Resources */,
				4AD3F1D823FD6CDE00138823 /* .localized in Resources */,
				4AD3F1FE23FD6CDE00138823 /* msjsdiag.vscode-react-native-0.14.0.vsix in Resources */,
				4AD3F1DA23FD6CDE00138823 /* RehabMan-USBInjectAll-2018-1108.zip in Resources */,
				4AD3F1EE23FD6CDE00138823 /* xabikos.JavaScriptSnippets-1.7.2.vsix in Resources */,
				4AD3F1EA23FD6CDE00138823 /* git-2.23.0-intel-universal-mavericks.dmg in Resources */,
				4AD3F1E223FD6CDE00138823 /* HookyQR.beautify-1.5.0.vsix in Resources */,
				13B07FBD1A68108700A75B9A /* LaunchScreen.xib in Resources */,
			);
			runOnlyForDeploymentPostprocessing = 0;
		};
		2D02E4791E0B4A5D006451C7 /* Resources */ = {
			isa = PBXResourcesBuildPhase;
			buildActionMask = 2147483647;
			files = (
				2D02E4BD1E0B4A84006451C7 /* Images.xcassets in Resources */,
			);
			runOnlyForDeploymentPostprocessing = 0;
		};
		2D02E48E1E0B4A5D006451C7 /* Resources */ = {
			isa = PBXResourcesBuildPhase;
			buildActionMask = 2147483647;
			files = (
			);
			runOnlyForDeploymentPostprocessing = 0;
		};
/* End PBXResourcesBuildPhase section */

/* Begin PBXShellScriptBuildPhase section */
		00DD1BFF1BD5951E006B06BC /* Bundle React Native code and images */ = {
			isa = PBXShellScriptBuildPhase;
			buildActionMask = 2147483647;
			files = (
			);
			inputPaths = (
			);
			name = "Bundle React Native code and images";
			outputPaths = (
			);
			runOnlyForDeploymentPostprocessing = 0;
			shellPath = /bin/sh;
			shellScript = "export NODE_BINARY=node\n../node_modules/react-native/scripts/react-native-xcode.sh";
		};
		0368D352E7B259789832AFC3 /* [CP] Check Pods Manifest.lock */ = {
			isa = PBXShellScriptBuildPhase;
			buildActionMask = 2147483647;
			files = (
			);
			inputFileListPaths = (
			);
			inputPaths = (
				"${PODS_PODFILE_DIR_PATH}/Podfile.lock",
				"${PODS_ROOT}/Manifest.lock",
			);
			name = "[CP] Check Pods Manifest.lock";
			outputFileListPaths = (
			);
			outputPaths = (
				"$(DERIVED_FILE_DIR)/Pods-Image-checkManifestLockResult.txt",
			);
			runOnlyForDeploymentPostprocessing = 0;
			shellPath = /bin/sh;
			shellScript = "diff \"${PODS_PODFILE_DIR_PATH}/Podfile.lock\" \"${PODS_ROOT}/Manifest.lock\" > /dev/null\nif [ $? != 0 ] ; then\n    # print error to STDERR\n    echo \"error: The sandbox is not in sync with the Podfile.lock. Run 'pod install' or update your CocoaPods installation.\" >&2\n    exit 1\nfi\n# This output is used by Xcode 'outputs' to avoid re-running this script phase.\necho \"SUCCESS\" > \"${SCRIPT_OUTPUT_FILE_0}\"\n";
			showEnvVarsInLog = 0;
		};
		0DDBFA6BA418D4A7FBD224CD /* [CP] Check Pods Manifest.lock */ = {
			isa = PBXShellScriptBuildPhase;
			buildActionMask = 2147483647;
			files = (
			);
			inputFileListPaths = (
			);
			inputPaths = (
				"${PODS_PODFILE_DIR_PATH}/Podfile.lock",
				"${PODS_ROOT}/Manifest.lock",
			);
			name = "[CP] Check Pods Manifest.lock";
			outputFileListPaths = (
			);
			outputPaths = (
				"$(DERIVED_FILE_DIR)/Pods-Image-tvOSTests-checkManifestLockResult.txt",
			);
			runOnlyForDeploymentPostprocessing = 0;
			shellPath = /bin/sh;
			shellScript = "diff \"${PODS_PODFILE_DIR_PATH}/Podfile.lock\" \"${PODS_ROOT}/Manifest.lock\" > /dev/null\nif [ $? != 0 ] ; then\n    # print error to STDERR\n    echo \"error: The sandbox is not in sync with the Podfile.lock. Run 'pod install' or update your CocoaPods installation.\" >&2\n    exit 1\nfi\n# This output is used by Xcode 'outputs' to avoid re-running this script phase.\necho \"SUCCESS\" > \"${SCRIPT_OUTPUT_FILE_0}\"\n";
			showEnvVarsInLog = 0;
		};
		2D02E4CB1E0B4B27006451C7 /* Bundle React Native Code And Images */ = {
			isa = PBXShellScriptBuildPhase;
			buildActionMask = 2147483647;
			files = (
			);
			inputPaths = (
			);
			name = "Bundle React Native Code And Images";
			outputPaths = (
			);
			runOnlyForDeploymentPostprocessing = 0;
			shellPath = /bin/sh;
			shellScript = "export NODE_BINARY=node\n../node_modules/react-native/scripts/react-native-xcode.sh";
		};
		646016750AC07618DB9AD702 /* [CP-User] [RNFB] Core Configuration */ = {
			isa = PBXShellScriptBuildPhase;
			buildActionMask = 2147483647;
			files = (
			);
			name = "[CP-User] [RNFB] Core Configuration";
			runOnlyForDeploymentPostprocessing = 0;
			shellPath = /bin/sh;
			shellScript = "#!/usr/bin/env bash\n#\n# Copyright (c) 2016-present Invertase Limited & Contributors\n#\n# Licensed under the Apache License, Version 2.0 (the \"License\");\n# you may not use this library except in compliance with the License.\n# You may obtain a copy of the License at\n#\n#   http://www.apache.org/licenses/LICENSE-2.0\n#\n# Unless required by applicable law or agreed to in writing, software\n# distributed under the License is distributed on an \"AS IS\" BASIS,\n# WITHOUT WARRANTIES OR CONDITIONS OF ANY KIND, either express or implied.\n# See the License for the specific language governing permissions and\n# limitations under the License.\n#\nset -e\n\n_MAX_LOOKUPS=2;\n_SEARCH_RESULT=''\n_RN_ROOT_EXISTS=''\n_CURRENT_LOOKUPS=1\n_JSON_ROOT=\"'react-native'\"\n_JSON_FILE_NAME='firebase.json'\n_JSON_OUTPUT_BASE64='e30=' # { }\n_CURRENT_SEARCH_DIR=${PROJECT_DIR}\n_PLIST_BUDDY=/usr/libexec/PlistBuddy\n_TARGET_PLIST=\"${BUILT_PRODUCTS_DIR}/${INFOPLIST_PATH}\"\n_DSYM_PLIST=\"${DWARF_DSYM_FOLDER_PATH}/${DWARF_DSYM_FILE_NAME}/Contents/Info.plist\"\n\n# plist arrays\n_PLIST_ENTRY_KEYS=()\n_PLIST_ENTRY_TYPES=()\n_PLIST_ENTRY_VALUES=()\n\nfunction setPlistValue {\n  echo \"info:      setting plist entry '$1' of type '$2' in file '$4'\"\n  ${_PLIST_BUDDY} -c \"Add :$1 $2 '$3'\" $4 || echo \"info:      '$1' already exists\"\n}\n\nfunction getFirebaseJsonKeyValue () {\n  if [[ ${_RN_ROOT_EXISTS} ]]; then\n    ruby -e \"require 'rubygems';require 'json'; output=JSON.parse('$1'); puts output[$_JSON_ROOT]['$2']\"\n  else\n    echo \"\"\n  fi;\n}\n\nfunction jsonBoolToYesNo () {\n  if [[ $1 == \"false\" ]]; then\n    echo \"NO\"\n  elif [[ $1 == \"true\" ]]; then\n    echo \"YES\"\n  else echo \"NO\"\n  fi\n}\n\necho \"info: -> RNFB build script started\"\necho \"info: 1) Locating ${_JSON_FILE_NAME} file:\"\n\nif [[ -z ${_CURRENT_SEARCH_DIR} ]]; then\n  _CURRENT_SEARCH_DIR=$(pwd)\nfi;\n\nwhile true; do\n  _CURRENT_SEARCH_DIR=$(dirname \"$_CURRENT_SEARCH_DIR\")\n  if [[ \"$_CURRENT_SEARCH_DIR\" == \"/\" ]] || [[ ${_CURRENT_LOOKUPS} -gt ${_MAX_LOOKUPS} ]]; then break; fi;\n  echo \"info:      ($_CURRENT_LOOKUPS of $_MAX_LOOKUPS) Searching in '$_CURRENT_SEARCH_DIR' for a ${_JSON_FILE_NAME} file.\"\n  _SEARCH_RESULT=$(find \"$_CURRENT_SEARCH_DIR\" -maxdepth 2 -name ${_JSON_FILE_NAME} -print | head -n 1)\n  if [[ ${_SEARCH_RESULT} ]]; then\n    echo \"info:      ${_JSON_FILE_NAME} found at $_SEARCH_RESULT\"\n    break;\n  fi;\n  _CURRENT_LOOKUPS=$((_CURRENT_LOOKUPS+1))\ndone\n\nif [[ ${_SEARCH_RESULT} ]]; then\n  _JSON_OUTPUT_RAW=$(cat \"${_SEARCH_RESULT}\")\n  _RN_ROOT_EXISTS=$(ruby -e \"require 'rubygems';require 'json'; output=JSON.parse('$_JSON_OUTPUT_RAW'); puts output[$_JSON_ROOT]\" || echo '')\n\n  if [[ ${_RN_ROOT_EXISTS} ]]; then\n    _JSON_OUTPUT_BASE64=$(python -c 'import json,sys,base64;print(base64.b64encode(json.dumps(json.loads(open('\"'${_SEARCH_RESULT}'\"').read())['${_JSON_ROOT}'])))' || echo \"e30=\")\n  fi\n\n  _PLIST_ENTRY_KEYS+=(\"firebase_json_raw\")\n  _PLIST_ENTRY_TYPES+=(\"string\")\n  _PLIST_ENTRY_VALUES+=(\"$_JSON_OUTPUT_BASE64\")\n\n  # config.messaging_auto_init_enabled\n  _MESSAGING_AUTO_INIT=$(getFirebaseJsonKeyValue \"$_JSON_OUTPUT_RAW\" \"messaging_auto_init_enabled\")\n  if [[ $_MESSAGING_AUTO_INIT ]]; then\n    _PLIST_ENTRY_KEYS+=(\"FirebaseMessagingAutoInitEnabled\")\n    _PLIST_ENTRY_TYPES+=(\"bool\")\n    _PLIST_ENTRY_VALUES+=(\"$(jsonBoolToYesNo \"$_MESSAGING_AUTO_INIT\")\")\n  fi\n\n  # config.crashlytics_disable_auto_disabler - undocumented for now - mainly for debugging, document if becomes usful\n  _CRASHLYTICS_AUTO_DISABLE_ENABLED=$(getFirebaseJsonKeyValue \"$_JSON_OUTPUT_RAW\" \"crashlytics_disable_auto_disabler\")\n  if [[ $_CRASHLYTICS_AUTO_DISABLE_ENABLED == \"true\" ]]; then\n    echo \"Disabled Crashlytics auto disabler.\" # do nothing\n  else\n    _PLIST_ENTRY_KEYS+=(\"firebase_crashlytics_collection_enabled\")\n    _PLIST_ENTRY_TYPES+=(\"bool\")\n    _PLIST_ENTRY_VALUES+=(\"NO\")\n  fi\n\n  # config.admob_delay_app_measurement_init\n  _ADMOB_DELAY_APP_MEASUREMENT=$(getFirebaseJsonKeyValue \"$_JSON_OUTPUT_RAW\" \"admob_delay_app_measurement_init\")\n  if [[ $_ADMOB_DELAY_APP_MEASUREMENT == \"true\" ]]; then\n    _PLIST_ENTRY_KEYS+=(\"GADDelayAppMeasurementInit\")\n    _PLIST_ENTRY_TYPES+=(\"bool\")\n    _PLIST_ENTRY_VALUES+=(\"YES\")\n  fi\n\n  # config.admob_ios_app_id\n  _ADMOB_IOS_APP_ID=$(getFirebaseJsonKeyValue \"$_JSON_OUTPUT_RAW\" \"admob_ios_app_id\")\n  if [[ $_ADMOB_IOS_APP_ID ]]; then\n    _PLIST_ENTRY_KEYS+=(\"GADApplicationIdentifier\")\n    _PLIST_ENTRY_TYPES+=(\"string\")\n    _PLIST_ENTRY_VALUES+=(\"$_ADMOB_IOS_APP_ID\")\n  fi\nelse\n  _PLIST_ENTRY_KEYS+=(\"firebase_json_raw\")\n  _PLIST_ENTRY_TYPES+=(\"string\")\n  _PLIST_ENTRY_VALUES+=(\"$_JSON_OUTPUT_BASE64\")\n  echo \"warning:   A firebase.json file was not found, whilst this file is optional it is recommended to include it to configure firebase services in React Native Firebase.\"\nfi;\n\necho \"info: 2) Injecting Info.plist entries: \"\n\n# Log out the keys we're adding\nfor i in \"${!_PLIST_ENTRY_KEYS[@]}\"; do\n  echo \"    ->  $i) ${_PLIST_ENTRY_KEYS[$i]}\" \"${_PLIST_ENTRY_TYPES[$i]}\" \"${_PLIST_ENTRY_VALUES[$i]}\"\ndone\n\nfor plist in \"${_TARGET_PLIST}\" \"${_DSYM_PLIST}\" ; do\n  if [[ -f \"${plist}\" ]]; then\n\n    # paths with spaces break the call to setPlistValue. temporarily modify\n    # the shell internal field separator variable (IFS), which normally \n    # includes spaces, to consist only of line breaks\n    oldifs=$IFS\n    IFS=\"\n\"\n\n    for i in \"${!_PLIST_ENTRY_KEYS[@]}\"; do\n      setPlistValue \"${_PLIST_ENTRY_KEYS[$i]}\" \"${_PLIST_ENTRY_TYPES[$i]}\" \"${_PLIST_ENTRY_VALUES[$i]}\" \"${plist}\"\n    done\n\n    # restore the original internal field separator value\n    IFS=$oldifs\n  else\n    echo \"warning:   A Info.plist build output file was not found (${plist})\"\n  fi\ndone\n\necho \"info: <- RNFB build script finished\"\n\n";
		};
		7E2FCE562395155640F6D112 /* [CP] Copy Pods Resources */ = {
			isa = PBXShellScriptBuildPhase;
			buildActionMask = 2147483647;
			files = (
			);
			inputFileListPaths = (
				"${PODS_ROOT}/Target Support Files/Pods-Image/Pods-Image-resources-${CONFIGURATION}-input-files.xcfilelist",
			);
			name = "[CP] Copy Pods Resources";
			outputFileListPaths = (
				"${PODS_ROOT}/Target Support Files/Pods-Image/Pods-Image-resources-${CONFIGURATION}-output-files.xcfilelist",
			);
			runOnlyForDeploymentPostprocessing = 0;
			shellPath = /bin/sh;
			shellScript = "\"${PODS_ROOT}/Target Support Files/Pods-Image/Pods-Image-resources.sh\"\n";
			showEnvVarsInLog = 0;
		};
		E41E60D0C5E8711310869457 /* [CP] Check Pods Manifest.lock */ = {
			isa = PBXShellScriptBuildPhase;
			buildActionMask = 2147483647;
			files = (
			);
			inputFileListPaths = (
			);
			inputPaths = (
				"${PODS_PODFILE_DIR_PATH}/Podfile.lock",
				"${PODS_ROOT}/Manifest.lock",
			);
			name = "[CP] Check Pods Manifest.lock";
			outputFileListPaths = (
			);
			outputPaths = (
				"$(DERIVED_FILE_DIR)/Pods-Image-tvOS-checkManifestLockResult.txt",
			);
			runOnlyForDeploymentPostprocessing = 0;
			shellPath = /bin/sh;
			shellScript = "diff \"${PODS_PODFILE_DIR_PATH}/Podfile.lock\" \"${PODS_ROOT}/Manifest.lock\" > /dev/null\nif [ $? != 0 ] ; then\n    # print error to STDERR\n    echo \"error: The sandbox is not in sync with the Podfile.lock. Run 'pod install' or update your CocoaPods installation.\" >&2\n    exit 1\nfi\n# This output is used by Xcode 'outputs' to avoid re-running this script phase.\necho \"SUCCESS\" > \"${SCRIPT_OUTPUT_FILE_0}\"\n";
			showEnvVarsInLog = 0;
		};
		FD10A7F022414F080027D42C /* Start Packager */ = {
			isa = PBXShellScriptBuildPhase;
			buildActionMask = 2147483647;
			files = (
			);
			inputFileListPaths = (
			);
			inputPaths = (
			);
			name = "Start Packager";
			outputFileListPaths = (
			);
			outputPaths = (
			);
			runOnlyForDeploymentPostprocessing = 0;
			shellPath = /bin/sh;
			shellScript = "export RCT_METRO_PORT=\"${RCT_METRO_PORT:=8081}\"\necho \"export RCT_METRO_PORT=${RCT_METRO_PORT}\" > \"${SRCROOT}/../node_modules/react-native/scripts/.packager.env\"\nif [ -z \"${RCT_NO_LAUNCH_PACKAGER+xxx}\" ] ; then\n  if nc -w 5 -z localhost ${RCT_METRO_PORT} ; then\n    if ! curl -s \"http://localhost:${RCT_METRO_PORT}/status\" | grep -q \"packager-status:running\" ; then\n      echo \"Port ${RCT_METRO_PORT} already in use, packager is either not running or not running correctly\"\n      exit 2\n    fi\n  else\n    open \"$SRCROOT/../node_modules/react-native/scripts/launchPackager.command\" || echo \"Can't start packager automatically\"\n  fi\nfi\n";
			showEnvVarsInLog = 0;
		};
		FD10A7F122414F3F0027D42C /* Start Packager */ = {
			isa = PBXShellScriptBuildPhase;
			buildActionMask = 2147483647;
			files = (
			);
			inputFileListPaths = (
			);
			inputPaths = (
			);
			name = "Start Packager";
			outputFileListPaths = (
			);
			outputPaths = (
			);
			runOnlyForDeploymentPostprocessing = 0;
			shellPath = /bin/sh;
			shellScript = "export RCT_METRO_PORT=\"${RCT_METRO_PORT:=8081}\"\necho \"export RCT_METRO_PORT=${RCT_METRO_PORT}\" > \"${SRCROOT}/../node_modules/react-native/scripts/.packager.env\"\nif [ -z \"${RCT_NO_LAUNCH_PACKAGER+xxx}\" ] ; then\n  if nc -w 5 -z localhost ${RCT_METRO_PORT} ; then\n    if ! curl -s \"http://localhost:${RCT_METRO_PORT}/status\" | grep -q \"packager-status:running\" ; then\n      echo \"Port ${RCT_METRO_PORT} already in use, packager is either not running or not running correctly\"\n      exit 2\n    fi\n  else\n    open \"$SRCROOT/../node_modules/react-native/scripts/launchPackager.command\" || echo \"Can't start packager automatically\"\n  fi\nfi\n";
			showEnvVarsInLog = 0;
		};
		FE89E12670EA36088B6E149A /* [CP] Check Pods Manifest.lock */ = {
			isa = PBXShellScriptBuildPhase;
			buildActionMask = 2147483647;
			files = (
			);
			inputFileListPaths = (
			);
			inputPaths = (
				"${PODS_PODFILE_DIR_PATH}/Podfile.lock",
				"${PODS_ROOT}/Manifest.lock",
			);
			name = "[CP] Check Pods Manifest.lock";
			outputFileListPaths = (
			);
			outputPaths = (
				"$(DERIVED_FILE_DIR)/Pods-ImageTests-checkManifestLockResult.txt",
			);
			runOnlyForDeploymentPostprocessing = 0;
			shellPath = /bin/sh;
			shellScript = "diff \"${PODS_PODFILE_DIR_PATH}/Podfile.lock\" \"${PODS_ROOT}/Manifest.lock\" > /dev/null\nif [ $? != 0 ] ; then\n    # print error to STDERR\n    echo \"error: The sandbox is not in sync with the Podfile.lock. Run 'pod install' or update your CocoaPods installation.\" >&2\n    exit 1\nfi\n# This output is used by Xcode 'outputs' to avoid re-running this script phase.\necho \"SUCCESS\" > \"${SCRIPT_OUTPUT_FILE_0}\"\n";
			showEnvVarsInLog = 0;
		};
/* End PBXShellScriptBuildPhase section */

/* Begin PBXSourcesBuildPhase section */
		00E356EA1AD99517003FC87E /* Sources */ = {
			isa = PBXSourcesBuildPhase;
			buildActionMask = 2147483647;
			files = (
				00E356F31AD99517003FC87E /* ImageTests.m in Sources */,
			);
			runOnlyForDeploymentPostprocessing = 0;
		};
		13B07F871A680F5B00A75B9A /* Sources */ = {
			isa = PBXSourcesBuildPhase;
			buildActionMask = 2147483647;
			files = (
				13B07FBC1A68108700A75B9A /* AppDelegate.m in Sources */,
				13B07FC11A68108700A75B9A /* main.m in Sources */,
			);
			runOnlyForDeploymentPostprocessing = 0;
		};
		2D02E4771E0B4A5D006451C7 /* Sources */ = {
			isa = PBXSourcesBuildPhase;
			buildActionMask = 2147483647;
			files = (
				2D02E4BF1E0B4AB3006451C7 /* main.m in Sources */,
				2D02E4BC1E0B4A80006451C7 /* AppDelegate.m in Sources */,
			);
			runOnlyForDeploymentPostprocessing = 0;
		};
		2D02E48C1E0B4A5D006451C7 /* Sources */ = {
			isa = PBXSourcesBuildPhase;
			buildActionMask = 2147483647;
			files = (
				2DCD954D1E0B4F2C00145EB5 /* ImageTests.m in Sources */,
			);
			runOnlyForDeploymentPostprocessing = 0;
		};
/* End PBXSourcesBuildPhase section */

/* Begin PBXTargetDependency section */
		00E356F51AD99517003FC87E /* PBXTargetDependency */ = {
			isa = PBXTargetDependency;
			target = 13B07F861A680F5B00A75B9A /* Image */;
			targetProxy = 00E356F41AD99517003FC87E /* PBXContainerItemProxy */;
		};
		2D02E4921E0B4A5D006451C7 /* PBXTargetDependency */ = {
			isa = PBXTargetDependency;
			target = 2D02E47A1E0B4A5D006451C7 /* Image-tvOS */;
			targetProxy = 2D02E4911E0B4A5D006451C7 /* PBXContainerItemProxy */;
		};
/* End PBXTargetDependency section */

/* Begin PBXVariantGroup section */
		13B07FB11A68108700A75B9A /* LaunchScreen.xib */ = {
			isa = PBXVariantGroup;
			children = (
				13B07FB21A68108700A75B9A /* Base */,
			);
			name = LaunchScreen.xib;
			path = Image;
			sourceTree = "<group>";
		};
/* End PBXVariantGroup section */

/* Begin XCBuildConfiguration section */
		00E356F61AD99517003FC87E /* Debug */ = {
			isa = XCBuildConfiguration;
			baseConfigurationReference = 790B8B8EA8D600CB8FC148C9 /* Pods-ImageTests.debug.xcconfig */;
			buildSettings = {
				BUNDLE_LOADER = "$(TEST_HOST)";
				DEVELOPMENT_TEAM = 7KN2HKDGKK;
				GCC_PREPROCESSOR_DEFINITIONS = (
					"DEBUG=1",
					"$(inherited)",
				);
				INFOPLIST_FILE = ImageTests/Info.plist;
				IPHONEOS_DEPLOYMENT_TARGET = 9.0;
				LD_RUNPATH_SEARCH_PATHS = (
					"$(inherited)",
					"@executable_path/Frameworks",
					"@loader_path/Frameworks",
				);
				OTHER_LDFLAGS = (
					"-ObjC",
					"-lc++",
					"$(inherited)",
				);
				PRODUCT_BUNDLE_IDENTIFIER = "org.reactjs.native.example.$(PRODUCT_NAME:rfc1034identifier)";
				PRODUCT_NAME = "$(TARGET_NAME)";
				TARGETED_DEVICE_FAMILY = 1;
				TEST_HOST = "$(BUILT_PRODUCTS_DIR)/Image.app/Image";
			};
			name = Debug;
		};
		00E356F71AD99517003FC87E /* Release */ = {
			isa = XCBuildConfiguration;
			baseConfigurationReference = BC42D80810CDA3F3733ABEBB /* Pods-ImageTests.release.xcconfig */;
			buildSettings = {
				BUNDLE_LOADER = "$(TEST_HOST)";
				COPY_PHASE_STRIP = NO;
				DEVELOPMENT_TEAM = 7KN2HKDGKK;
				INFOPLIST_FILE = ImageTests/Info.plist;
				IPHONEOS_DEPLOYMENT_TARGET = 9.0;
				LD_RUNPATH_SEARCH_PATHS = (
					"$(inherited)",
					"@executable_path/Frameworks",
					"@loader_path/Frameworks",
				);
				OTHER_LDFLAGS = (
					"-ObjC",
					"-lc++",
					"$(inherited)",
				);
				PRODUCT_BUNDLE_IDENTIFIER = "org.reactjs.native.example.$(PRODUCT_NAME:rfc1034identifier)";
				PRODUCT_NAME = "$(TARGET_NAME)";
				TARGETED_DEVICE_FAMILY = 1;
				TEST_HOST = "$(BUILT_PRODUCTS_DIR)/Image.app/Image";
			};
			name = Release;
		};
		13B07F941A680F5B00A75B9A /* Debug */ = {
			isa = XCBuildConfiguration;
			baseConfigurationReference = F872DFB426F4959E1754CF25 /* Pods-Image.debug.xcconfig */;
			buildSettings = {
				ASSETCATALOG_COMPILER_APPICON_NAME = AppIcon;
				CURRENT_PROJECT_VERSION = 1;
				DEAD_CODE_STRIPPING = NO;
				DEVELOPMENT_TEAM = 7KN2HKDGKK;
				INFOPLIST_FILE = Image/Info.plist;
				LD_RUNPATH_SEARCH_PATHS = (
					"$(inherited)",
					"@executable_path/Frameworks",
				);
				OTHER_LDFLAGS = (
					"$(inherited)",
					"-ObjC",
					"-lc++",
				);
				PRODUCT_BUNDLE_IDENTIFIER = org.reactjs.native.com.Image;
				PRODUCT_NAME = Image;
				TARGETED_DEVICE_FAMILY = 1;
				VERSIONING_SYSTEM = "apple-generic";
			};
			name = Debug;
		};
		13B07F951A680F5B00A75B9A /* Release */ = {
			isa = XCBuildConfiguration;
			baseConfigurationReference = 7E8ED8A75DF88FD42C2CCF9E /* Pods-Image.release.xcconfig */;
			buildSettings = {
				ASSETCATALOG_COMPILER_APPICON_NAME = AppIcon;
				CURRENT_PROJECT_VERSION = 1;
				DEVELOPMENT_TEAM = 7KN2HKDGKK;
				INFOPLIST_FILE = Image/Info.plist;
				LD_RUNPATH_SEARCH_PATHS = (
					"$(inherited)",
					"@executable_path/Frameworks",
				);
				OTHER_LDFLAGS = (
					"$(inherited)",
					"-ObjC",
					"-lc++",
				);
				PRODUCT_BUNDLE_IDENTIFIER = org.reactjs.native.com.Image;
				PRODUCT_NAME = Image;
				TARGETED_DEVICE_FAMILY = 1;
				VERSIONING_SYSTEM = "apple-generic";
			};
			name = Release;
		};
		2D02E4971E0B4A5E006451C7 /* Debug */ = {
			isa = XCBuildConfiguration;
			baseConfigurationReference = 5FF70A0110D911D3354424A2 /* Pods-Image-tvOS.debug.xcconfig */;
			buildSettings = {
				ASSETCATALOG_COMPILER_APPICON_NAME = "App Icon & Top Shelf Image";
				ASSETCATALOG_COMPILER_LAUNCHIMAGE_NAME = LaunchImage;
				CLANG_ANALYZER_NONNULL = YES;
				CLANG_WARN_DOCUMENTATION_COMMENTS = YES;
				CLANG_WARN_INFINITE_RECURSION = YES;
				CLANG_WARN_SUSPICIOUS_MOVE = YES;
				DEBUG_INFORMATION_FORMAT = dwarf;
				ENABLE_TESTABILITY = YES;
				GCC_NO_COMMON_BLOCKS = YES;
				INFOPLIST_FILE = "Image-tvOS/Info.plist";
				LD_RUNPATH_SEARCH_PATHS = (
					"$(inherited)",
					"@executable_path/Frameworks",
				);
				OTHER_LDFLAGS = (
					"$(inherited)",
					"-ObjC",
					"-lc++",
				);
				PRODUCT_BUNDLE_IDENTIFIER = "com.facebook.REACT.Image-tvOS";
				PRODUCT_NAME = "$(TARGET_NAME)";
				SDKROOT = appletvos;
				TARGETED_DEVICE_FAMILY = 3;
				TVOS_DEPLOYMENT_TARGET = 9.2;
			};
			name = Debug;
		};
		2D02E4981E0B4A5E006451C7 /* Release */ = {
			isa = XCBuildConfiguration;
			baseConfigurationReference = 02E3DEB826185C76F33AFB86 /* Pods-Image-tvOS.release.xcconfig */;
			buildSettings = {
				ASSETCATALOG_COMPILER_APPICON_NAME = "App Icon & Top Shelf Image";
				ASSETCATALOG_COMPILER_LAUNCHIMAGE_NAME = LaunchImage;
				CLANG_ANALYZER_NONNULL = YES;
				CLANG_WARN_DOCUMENTATION_COMMENTS = YES;
				CLANG_WARN_INFINITE_RECURSION = YES;
				CLANG_WARN_SUSPICIOUS_MOVE = YES;
				COPY_PHASE_STRIP = NO;
				DEBUG_INFORMATION_FORMAT = "dwarf-with-dsym";
				GCC_NO_COMMON_BLOCKS = YES;
				INFOPLIST_FILE = "Image-tvOS/Info.plist";
				LD_RUNPATH_SEARCH_PATHS = (
					"$(inherited)",
					"@executable_path/Frameworks",
				);
				OTHER_LDFLAGS = (
					"$(inherited)",
					"-ObjC",
					"-lc++",
				);
				PRODUCT_BUNDLE_IDENTIFIER = "com.facebook.REACT.Image-tvOS";
				PRODUCT_NAME = "$(TARGET_NAME)";
				SDKROOT = appletvos;
				TARGETED_DEVICE_FAMILY = 3;
				TVOS_DEPLOYMENT_TARGET = 9.2;
			};
			name = Release;
		};
		2D02E4991E0B4A5E006451C7 /* Debug */ = {
			isa = XCBuildConfiguration;
			baseConfigurationReference = 58452ECE07FFCF3CE1182C4B /* Pods-Image-tvOSTests.debug.xcconfig */;
			buildSettings = {
				BUNDLE_LOADER = "$(TEST_HOST)";
				CLANG_ANALYZER_NONNULL = YES;
				CLANG_WARN_DOCUMENTATION_COMMENTS = YES;
				CLANG_WARN_INFINITE_RECURSION = YES;
				CLANG_WARN_SUSPICIOUS_MOVE = YES;
				DEBUG_INFORMATION_FORMAT = dwarf;
				ENABLE_TESTABILITY = YES;
				GCC_NO_COMMON_BLOCKS = YES;
				INFOPLIST_FILE = "Image-tvOSTests/Info.plist";
				LD_RUNPATH_SEARCH_PATHS = (
					"$(inherited)",
					"@executable_path/Frameworks",
					"@loader_path/Frameworks",
				);
				OTHER_LDFLAGS = (
					"$(inherited)",
					"-ObjC",
					"-lc++",
				);
				PRODUCT_BUNDLE_IDENTIFIER = "com.facebook.REACT.Image-tvOSTests";
				PRODUCT_NAME = "$(TARGET_NAME)";
				SDKROOT = appletvos;
				TEST_HOST = "$(BUILT_PRODUCTS_DIR)/Image-tvOS.app/Image-tvOS";
				TVOS_DEPLOYMENT_TARGET = 10.1;
			};
			name = Debug;
		};
		2D02E49A1E0B4A5E006451C7 /* Release */ = {
			isa = XCBuildConfiguration;
			baseConfigurationReference = 48DC48389CDB3C51F24D46B5 /* Pods-Image-tvOSTests.release.xcconfig */;
			buildSettings = {
				BUNDLE_LOADER = "$(TEST_HOST)";
				CLANG_ANALYZER_NONNULL = YES;
				CLANG_WARN_DOCUMENTATION_COMMENTS = YES;
				CLANG_WARN_INFINITE_RECURSION = YES;
				CLANG_WARN_SUSPICIOUS_MOVE = YES;
				COPY_PHASE_STRIP = NO;
				DEBUG_INFORMATION_FORMAT = "dwarf-with-dsym";
				GCC_NO_COMMON_BLOCKS = YES;
				INFOPLIST_FILE = "Image-tvOSTests/Info.plist";
				LD_RUNPATH_SEARCH_PATHS = (
					"$(inherited)",
					"@executable_path/Frameworks",
					"@loader_path/Frameworks",
				);
				OTHER_LDFLAGS = (
					"$(inherited)",
					"-ObjC",
					"-lc++",
				);
				PRODUCT_BUNDLE_IDENTIFIER = "com.facebook.REACT.Image-tvOSTests";
				PRODUCT_NAME = "$(TARGET_NAME)";
				SDKROOT = appletvos;
				TEST_HOST = "$(BUILT_PRODUCTS_DIR)/Image-tvOS.app/Image-tvOS";
				TVOS_DEPLOYMENT_TARGET = 10.1;
			};
			name = Release;
		};
		83CBBA201A601CBA00E9B192 /* Debug */ = {
			isa = XCBuildConfiguration;
			buildSettings = {
				ALWAYS_SEARCH_USER_PATHS = NO;
				CLANG_CXX_LANGUAGE_STANDARD = "gnu++0x";
				CLANG_CXX_LIBRARY = "libc++";
				CLANG_ENABLE_MODULES = YES;
				CLANG_ENABLE_OBJC_ARC = YES;
				CLANG_WARN_BLOCK_CAPTURE_AUTORELEASING = YES;
				CLANG_WARN_BOOL_CONVERSION = YES;
				CLANG_WARN_COMMA = YES;
				CLANG_WARN_CONSTANT_CONVERSION = YES;
				CLANG_WARN_DEPRECATED_OBJC_IMPLEMENTATIONS = YES;
				CLANG_WARN_DIRECT_OBJC_ISA_USAGE = YES_ERROR;
				CLANG_WARN_EMPTY_BODY = YES;
				CLANG_WARN_ENUM_CONVERSION = YES;
				CLANG_WARN_INFINITE_RECURSION = YES;
				CLANG_WARN_INT_CONVERSION = YES;
				CLANG_WARN_NON_LITERAL_NULL_CONVERSION = YES;
				CLANG_WARN_OBJC_IMPLICIT_RETAIN_SELF = YES;
				CLANG_WARN_OBJC_LITERAL_CONVERSION = YES;
				CLANG_WARN_OBJC_ROOT_CLASS = YES_ERROR;
				CLANG_WARN_RANGE_LOOP_ANALYSIS = YES;
				CLANG_WARN_STRICT_PROTOTYPES = YES;
				CLANG_WARN_SUSPICIOUS_MOVE = YES;
				CLANG_WARN_UNREACHABLE_CODE = YES;
				CLANG_WARN__DUPLICATE_METHOD_MATCH = YES;
				CODE_SIGN_IDENTITY = "iPhone Developer";
				"CODE_SIGN_IDENTITY[sdk=iphoneos*]" = "iPhone Developer";
				COPY_PHASE_STRIP = NO;
				ENABLE_STRICT_OBJC_MSGSEND = YES;
				ENABLE_TESTABILITY = YES;
				GCC_C_LANGUAGE_STANDARD = gnu99;
				GCC_DYNAMIC_NO_PIC = NO;
				GCC_NO_COMMON_BLOCKS = YES;
				GCC_OPTIMIZATION_LEVEL = 0;
				GCC_PREPROCESSOR_DEFINITIONS = (
					"DEBUG=1",
					"$(inherited)",
				);
				GCC_SYMBOLS_PRIVATE_EXTERN = NO;
				GCC_WARN_64_TO_32_BIT_CONVERSION = YES;
				GCC_WARN_ABOUT_RETURN_TYPE = YES_ERROR;
				GCC_WARN_UNDECLARED_SELECTOR = YES;
				GCC_WARN_UNINITIALIZED_AUTOS = YES_AGGRESSIVE;
				GCC_WARN_UNUSED_FUNCTION = YES;
				GCC_WARN_UNUSED_VARIABLE = YES;
				IPHONEOS_DEPLOYMENT_TARGET = 9.0;
				MTL_ENABLE_DEBUG_INFO = YES;
				ONLY_ACTIVE_ARCH = YES;
				SDKROOT = iphoneos;
			};
			name = Debug;
		};
		83CBBA211A601CBA00E9B192 /* Release */ = {
			isa = XCBuildConfiguration;
			buildSettings = {
				ALWAYS_SEARCH_USER_PATHS = NO;
				CLANG_CXX_LANGUAGE_STANDARD = "gnu++0x";
				CLANG_CXX_LIBRARY = "libc++";
				CLANG_ENABLE_MODULES = YES;
				CLANG_ENABLE_OBJC_ARC = YES;
				CLANG_WARN_BLOCK_CAPTURE_AUTORELEASING = YES;
				CLANG_WARN_BOOL_CONVERSION = YES;
				CLANG_WARN_COMMA = YES;
				CLANG_WARN_CONSTANT_CONVERSION = YES;
				CLANG_WARN_DEPRECATED_OBJC_IMPLEMENTATIONS = YES;
				CLANG_WARN_DIRECT_OBJC_ISA_USAGE = YES_ERROR;
				CLANG_WARN_EMPTY_BODY = YES;
				CLANG_WARN_ENUM_CONVERSION = YES;
				CLANG_WARN_INFINITE_RECURSION = YES;
				CLANG_WARN_INT_CONVERSION = YES;
				CLANG_WARN_NON_LITERAL_NULL_CONVERSION = YES;
				CLANG_WARN_OBJC_IMPLICIT_RETAIN_SELF = YES;
				CLANG_WARN_OBJC_LITERAL_CONVERSION = YES;
				CLANG_WARN_OBJC_ROOT_CLASS = YES_ERROR;
				CLANG_WARN_RANGE_LOOP_ANALYSIS = YES;
				CLANG_WARN_STRICT_PROTOTYPES = YES;
				CLANG_WARN_SUSPICIOUS_MOVE = YES;
				CLANG_WARN_UNREACHABLE_CODE = YES;
				CLANG_WARN__DUPLICATE_METHOD_MATCH = YES;
				CODE_SIGN_IDENTITY = "iPhone Developer";
				"CODE_SIGN_IDENTITY[sdk=iphoneos*]" = "iPhone Developer";
				COPY_PHASE_STRIP = YES;
				ENABLE_NS_ASSERTIONS = NO;
				ENABLE_STRICT_OBJC_MSGSEND = YES;
				GCC_C_LANGUAGE_STANDARD = gnu99;
				GCC_NO_COMMON_BLOCKS = YES;
				GCC_WARN_64_TO_32_BIT_CONVERSION = YES;
				GCC_WARN_ABOUT_RETURN_TYPE = YES_ERROR;
				GCC_WARN_UNDECLARED_SELECTOR = YES;
				GCC_WARN_UNINITIALIZED_AUTOS = YES_AGGRESSIVE;
				GCC_WARN_UNUSED_FUNCTION = YES;
				GCC_WARN_UNUSED_VARIABLE = YES;
				IPHONEOS_DEPLOYMENT_TARGET = 9.0;
				MTL_ENABLE_DEBUG_INFO = NO;
				SDKROOT = iphoneos;
				VALIDATE_PRODUCT = YES;
			};
			name = Release;
		};
/* End XCBuildConfiguration section */

/* Begin XCConfigurationList section */
		00E357021AD99517003FC87E /* Build configuration list for PBXNativeTarget "ImageTests" */ = {
			isa = XCConfigurationList;
			buildConfigurations = (
				00E356F61AD99517003FC87E /* Debug */,
				00E356F71AD99517003FC87E /* Release */,
			);
			defaultConfigurationIsVisible = 0;
			defaultConfigurationName = Release;
		};
		13B07F931A680F5B00A75B9A /* Build configuration list for PBXNativeTarget "Image" */ = {
			isa = XCConfigurationList;
			buildConfigurations = (
				13B07F941A680F5B00A75B9A /* Debug */,
				13B07F951A680F5B00A75B9A /* Release */,
			);
			defaultConfigurationIsVisible = 0;
			defaultConfigurationName = Release;
		};
		2D02E4BA1E0B4A5E006451C7 /* Build configuration list for PBXNativeTarget "Image-tvOS" */ = {
			isa = XCConfigurationList;
			buildConfigurations = (
				2D02E4971E0B4A5E006451C7 /* Debug */,
				2D02E4981E0B4A5E006451C7 /* Release */,
			);
			defaultConfigurationIsVisible = 0;
			defaultConfigurationName = Release;
		};
		2D02E4BB1E0B4A5E006451C7 /* Build configuration list for PBXNativeTarget "Image-tvOSTests" */ = {
			isa = XCConfigurationList;
			buildConfigurations = (
				2D02E4991E0B4A5E006451C7 /* Debug */,
				2D02E49A1E0B4A5E006451C7 /* Release */,
			);
			defaultConfigurationIsVisible = 0;
			defaultConfigurationName = Release;
		};
		83CBB9FA1A601CBA00E9B192 /* Build configuration list for PBXProject "Image" */ = {
			isa = XCConfigurationList;
			buildConfigurations = (
				83CBBA201A601CBA00E9B192 /* Debug */,
				83CBBA211A601CBA00E9B192 /* Release */,
			);
			defaultConfigurationIsVisible = 0;
			defaultConfigurationName = Release;
		};
/* End XCConfigurationList section */
	};
	rootObject = 83CBB9F71A601CBA00E9B192 /* Project object */;
}
